
Microsoft Visual Studio Solution File, Format Version 12.00
# Visual Studio Version 16
VisualStudioVersion = 16.0.31702.278
MinimumVisualStudioVersion = 10.0.40219.1
Project("{FAE04EC0-301F-11D3-BF4B-00C04F79EFBC}") = "MVCTekrar_0", "MVCTekrar_0\MVCTekrar_0.csproj", "{16DB4ADC-41DB-4EA9-A962-2686CC4A9992}"
EndProject
Project("{2150E333-8FDC-42A3-9474-1A3956D46DE8}") = "Solution Items", "Solution Items", "{90655667-FB1E-4FD3-8397-C2D48EB8656E}"
	ProjectSection(SolutionItems) = preProject
		Odev.txt = Odev.txt
	EndProjectSection
EndProject
Global
	GlobalSection(SolutionConfigurationPlatforms) = preSolution
		Debug|Any CPU = Debug|Any CPU
		Release|Any CPU = Release|Any CPU
	EndGlobalSection
	GlobalSection(ProjectConfigurationPlatforms) = postSolution
		{16DB4ADC-41DB-4EA9-A962-2686CC4A9992}.Debug|Any CPU.ActiveCfg = Debug|Any CPU
		{16DB4ADC-41DB-4EA9-A962-2686CC4A9992}.Debug|Any CPU.Build.0 = Debug|Any CPU
		{16DB4ADC-41DB-4EA9-A962-2686CC4A9992}.Release|Any CPU.ActiveCfg = Release|Any CPU
		{16DB4ADC-41DB-4EA9-A962-2686CC4A9992}.Release|Any CPU.Build.0 = Release|Any CPU
	EndGlobalSection
	GlobalSection(SolutionProperties) = preSolution
		HideSolutionNode = FALSE
	EndGlobalSection
	GlobalSection(ExtensibilityGlobals) = postSolution
		SolutionGuid = {838A18E3-2BBA-4E17-9DC9-20F46753B7BC}
	EndGlobalSection
EndGlobal
